// !$*UTF8*$!
{
	archiveVersion = 1;
	classes = {
	};
	objectVersion = 56;
	objects = {

/* Begin PBXBuildFile section */
		047EA2A62F45011C00505BD4 /* Assets.xcassets in Resources */ = {isa = PBXBuildFile; fileRef = 047EA2A52F45011C00505BD4 /* Assets.xcassets */; };
		A001 /* WigTryOnApp.swift in Sources */ = {isa = PBXBuildFile; fileRef = B001 /* WigTryOnApp.swift */; };
		A002 /* ContentView.swift in Sources */ = {isa = PBXBuildFile; fileRef = B002 /* ContentView.swift */; };
		A003 /* ARViewContainer.swift in Sources */ = {isa = PBXBuildFile; fileRef = B003 /* ARViewContainer.swift */; };
		A004 /* WigSelectorView.swift in Sources */ = {isa = PBXBuildFile; fileRef = B004 /* WigSelectorView.swift */; };
		A005 /* ControlsView.swift in Sources */ = {isa = PBXBuildFile; fileRef = B005 /* ControlsView.swift */; };
		A006 /* Wig.swift in Sources */ = {isa = PBXBuildFile; fileRef = B006 /* Wig.swift */; };
		A007 /* WigManager.swift in Sources */ = {isa = PBXBuildFile; fileRef = B007 /* WigManager.swift */; };
		A008 /* ARFaceTracker.swift in Sources */ = {isa = PBXBuildFile; fileRef = B008 /* ARFaceTracker.swift */; };
		A009 /* GLBSceneLoader.swift in Sources */ = {isa = PBXBuildFile; fileRef = B010 /* GLBSceneLoader.swift */; };
		A010 /* Meshy_AI_Brown_Layered_Wig_Des_0213181732_texture.glb in Resources */ = {isa = PBXBuildFile; fileRef = B011 /* Meshy_AI_Brown_Layered_Wig_Des_0213181732_texture.glb */; };
		A012 /* Meshy_AI_Flowing_Tresses_Sculp_0213181118_texture.glb in Resources */ = {isa = PBXBuildFile; fileRef = B013 /* Meshy_AI_Flowing_Tresses_Sculp_0213181118_texture.glb */; };
		A013 /* Meshy_AI_long_hair_wig_no_hea_0213181403_texture.glb in Resources */ = {isa = PBXBuildFile; fileRef = B014 /* Meshy_AI_long_hair_wig_no_hea_0213181403_texture.glb */; };
		A014 /* Meshy_AI_Curly_Waves_Wig_0217195508_texture.usdz in Resources */ = {isa = PBXBuildFile; fileRef = B015 /* Meshy_AI_Curly_Waves_Wig_0217195508_texture.usdz */; };
		A015 /* gdhair.usdz in Resources */ = {isa = PBXBuildFile; fileRef = B016 /* gdhair.usdz */; };
/* End PBXBuildFile section */

/* Begin PBXFileReference section */
		047EA2A52F45011C00505BD4 /* Assets.xcassets */ = {isa = PBXFileReference; lastKnownFileType = folder.assetcatalog; path = Assets.xcassets; sourceTree = "<group>"; };
		B000 /* WigTryOn.app */ = {isa = PBXFileReference; explicitFileType = wrapper.application; includeInIndex = 0; path = WigTryOn.app; sourceTree = BUILT_PRODUCTS_DIR; };
		B001 /* WigTryOnApp.swift */ = {isa = PBXFileReference; lastKnownFileType = sourcecode.swift; path = WigTryOnApp.swift; sourceTree = "<group>"; };
		B002 /* ContentView.swift */ = {isa = PBXFileReference; lastKnownFileType = sourcecode.swift; path = ContentView.swift; sourceTree = "<group>"; };
		B003 /* ARViewContainer.swift */ = {isa = PBXFileReference; lastKnownFileType = sourcecode.swift; path = ARViewContainer.swift; sourceTree = "<group>"; };
		B004 /* WigSelectorView.swift */ = {isa = PBXFileReference; lastKnownFileType = sourcecode.swift; path = WigSelectorView.swift; sourceTree = "<group>"; };
		B005 /* ControlsView.swift */ = {isa = PBXFileReference; lastKnownFileType = sourcecode.swift; path = ControlsView.swift; sourceTree = "<group>"; };
		B006 /* Wig.swift */ = {isa = PBXFileReference; lastKnownFileType = sourcecode.swift; path = Wig.swift; sourceTree = "<group>"; };
		B007 /* WigManager.swift */ = {isa = PBXFileReference; lastKnownFileType = sourcecode.swift; path = WigManager.swift; sourceTree = "<group>"; };
		B008 /* ARFaceTracker.swift */ = {isa = PBXFileReference; lastKnownFileType = sourcecode.swift; path = ARFaceTracker.swift; sourceTree = "<group>"; };
		B009 /* Info.plist */ = {isa = PBXFileReference; lastKnownFileType = text.plist.xml; path = Info.plist; sourceTree = "<group>"; };
		B010 /* GLBSceneLoader.swift */ = {isa = PBXFileReference; lastKnownFileType = sourcecode.swift; path = GLBSceneLoader.swift; sourceTree = "<group>"; };
		B011 /* Meshy_AI_Brown_Layered_Wig_Des_0213181732_texture.glb */ = {isa = PBXFileReference; lastKnownFileType = file; path = Meshy_AI_Brown_Layered_Wig_Des_0213181732_texture.glb; sourceTree = "<group>"; };
		B013 /* Meshy_AI_Flowing_Tresses_Sculp_0213181118_texture.glb */ = {isa = PBXFileReference; lastKnownFileType = file; path = Meshy_AI_Flowing_Tresses_Sculp_0213181118_texture.glb; sourceTree = "<group>"; };
		B014 /* Meshy_AI_long_hair_wig_no_hea_0213181403_texture.glb */ = {isa = PBXFileReference; lastKnownFileType = file; path = Meshy_AI_long_hair_wig_no_hea_0213181403_texture.glb; sourceTree = "<group>"; };
		B015 /* Meshy_AI_Curly_Waves_Wig_0217195508_texture.usdz */ = {isa = PBXFileReference; lastKnownFileType = file.usdz; path = Meshy_AI_Curly_Waves_Wig_0217195508_texture.usdz; sourceTree = "<group>"; };
		B016 /* gdhair.usdz */ = {isa = PBXFileReference; lastKnownFileType = file.usdz; path = gdhair.usdz; sourceTree = "<group>"; };
/* End PBXFileReference section */

/* Begin PBXFrameworksBuildPhase section */
		D002 /* Frameworks */ = {
			isa = PBXFrameworksBuildPhase;
			buildActionMask = 2147483647;
			files = (
			);
			runOnlyForDeploymentPostprocessing = 0;
		};
/* End PBXFrameworksBuildPhase section */

/* Begin PBXGroup section */
		C000 = {
			isa = PBXGroup;
			children = (
				047EA2A52F45011C00505BD4 /* Assets.xcassets */,
				C001 /* WigTryOn */,
				C002 /* Products */,
			);
			sourceTree = "<group>";
		};
		C001 /* WigTryOn */ = {
			isa = PBXGroup;
			children = (
				B001 /* WigTryOnApp.swift */,
				B002 /* ContentView.swift */,
				C003 /* Views */,
				C004 /* Models */,
				C005 /* Services */,
				C006 /* Resources */,
				B009 /* Info.plist */,
			);
			path = WigTryOn;
			sourceTree = "<group>";
		};
		C002 /* Products */ = {
			isa = PBXGroup;
			children = (
				B000 /* WigTryOn.app */,
			);
			name = Products;
			sourceTree = "<group>";
		};
		C003 /* Views */ = {
			isa = PBXGroup;
			children = (
				B003 /* ARViewContainer.swift */,
				B004 /* WigSelectorView.swift */,
				B005 /* ControlsView.swift */,
			);
			path = Views;
			sourceTree = "<group>";
		};
		C004 /* Models */ = {
			isa = PBXGroup;
			children = (
				B006 /* Wig.swift */,
				B007 /* WigManager.swift */,
			);
			path = Models;
			sourceTree = "<group>";
		};
		C005 /* Services */ = {
			isa = PBXGroup;
			children = (
				B008 /* ARFaceTracker.swift */,
				B010 /* GLBSceneLoader.swift */,
			);
			path = Services;
			sourceTree = "<group>";
		};
		C006 /* Resources */ = {
			isa = PBXGroup;
			children = (
				C007 /* Wigs */,
			);
			path = Resources;
			sourceTree = "<group>";
		};
		C007 /* Wigs */ = {
			isa = PBXGroup;
			children = (
				B011 /* Meshy_AI_Brown_Layered_Wig_Des_0213181732_texture.glb */,
					B013 /* Meshy_AI_Flowing_Tresses_Sculp_0213181118_texture.glb */,
				B014 /* Meshy_AI_long_hair_wig_no_hea_0213181403_texture.glb */,
				B015 /* Meshy_AI_Curly_Waves_Wig_0217195508_texture.usdz */,
				B016 /* gdhair.usdz */,
			);
			path = Wigs;
			sourceTree = "<group>";
		};
/* End PBXGroup section */

/* Begin PBXNativeTarget section */
		D000 /* WigTryOn */ = {
			isa = PBXNativeTarget;
			buildConfigurationList = E000 /* Build configuration list for PBXNativeTarget "WigTryOn" */;
			buildPhases = (
				D001 /* Sources */,
				D002 /* Frameworks */,
				D003 /* Resources */,
			);
			buildRules = (
			);
			dependencies = (
			);
			name = WigTryOn;
			productName = WigTryOn;
			productReference = B000 /* WigTryOn.app */;
			productType = "com.apple.product-type.application";
		};
/* End PBXNativeTarget section */

/* Begin PBXProject section */
		F000 /* Project object */ = {
			isa = PBXProject;
			attributes = {
				BuildIndependentTargetsInParallel = 1;
				LastSwiftUpdateCheck = 1500;
				LastUpgradeCheck = 1500;
				TargetAttributes = {
					D000 = {
						CreatedOnToolsVersion = 15.0;
					};
				};
			};
			buildConfigurationList = E001 /* Build configuration list for PBXProject "WigTryOn" */;
			compatibilityVersion = "Xcode 14.0";
			developmentRegion = en;
			hasScannedForEncodings = 0;
			knownRegions = (
				en,
				Base,
			);
			mainGroup = C000;
			productRefGroup = C002 /* Products */;
			projectDirPath = "";
			projectRoot = "";
			targets = (
				D000 /* WigTryOn */,
			);
		};
/* End PBXProject section */

/* Begin PBXResourcesBuildPhase section */
		D003 /* Resources */ = {
			isa = PBXResourcesBuildPhase;
			buildActionMask = 2147483647;
			files = (
				A010 /* Meshy_AI_Brown_Layered_Wig_Des_0213181732_texture.glb in Resources */,
					A012 /* Meshy_AI_Flowing_Tresses_Sculp_0213181118_texture.glb in Resources */,
				A013 /* Meshy_AI_long_hair_wig_no_hea_0213181403_texture.glb in Resources */,
				A014 /* Meshy_AI_Curly_Waves_Wig_0217195508_texture.usdz in Resources */,
				A015 /* gdhair.usdz in Resources */,
				047EA2A62F45011C00505BD4 /* Assets.xcassets in Resources */,
			);
			runOnlyForDeploymentPostprocessing = 0;
		};
/* End PBXResourcesBuildPhase section */

/* Begin PBXSourcesBuildPhase section */
		D001 /* Sources */ = {
			isa = PBXSourcesBuildPhase;
			buildActionMask = 2147483647;
			files = (
				A001 /* WigTryOnApp.swift in Sources */,
				A002 /* ContentView.swift in Sources */,
				A003 /* ARViewContainer.swift in Sources */,
				A004 /* WigSelectorView.swift in Sources */,
				A005 /* ControlsView.swift in Sources */,
				A006 /* Wig.swift in Sources */,
				A007 /* WigManager.swift in Sources */,
				A008 /* ARFaceTracker.swift in Sources */,
				A009 /* GLBSceneLoader.swift in Sources */,
			);
			runOnlyForDeploymentPostprocessing = 0;
		};
/* End PBXSourcesBuildPhase section */

/* Begin XCBuildConfiguration section */
		G000 /* Debug */ = {
			isa = XCBuildConfiguration;
			buildSettings = {
				ALWAYS_SEARCH_USER_PATHS = NO;
				ASSETCATALOG_COMPILER_GENERATE_SWIFT_ASSET_SYMBOL_EXTENSIONS = YES;
				CLANG_ANALYZER_NONNULL = YES;
				CLANG_ENABLE_MODULES = YES;
				CLANG_ENABLE_OBJC_ARC = YES;
				CODE_SIGN_STYLE = Automatic;
				COPY_PHASE_STRIP = NO;
				DEBUG_INFORMATION_FORMAT = dwarf;
				ENABLE_STRICT_OBJC_MSGSEND = YES;
				ENABLE_TESTABILITY = YES;
				GCC_DYNAMIC_NO_PIC = NO;
				GCC_OPTIMIZATION_LEVEL = 0;
				GCC_PREPROCESSOR_DEFINITIONS = (
					"DEBUG=1",
					"$(inherited)",
				);
				GCC_WARN_ABOUT_RETURN_TYPE = YES_ERROR;
				GCC_WARN_UNINITIALIZED_AUTOS = YES_AGGRESSIVE;
				IPHONEOS_DEPLOYMENT_TARGET = 15.0;
				MTL_ENABLE_DEBUG_INFO = INCLUDE_SOURCE;
				MTL_FAST_MATH = YES;
				ONLY_ACTIVE_ARCH = YES;
				SDKROOT = iphoneos;
				SWIFT_ACTIVE_COMPILATION_CONDITIONS = DEBUG;
				SWIFT_OPTIMIZATION_LEVEL = "-Onone";
			};
			name = Debug;
		};
		G001 /* Release */ = {
			isa = XCBuildConfiguration;
			buildSettings = {
				ALWAYS_SEARCH_USER_PATHS = NO;
				ASSETCATALOG_COMPILER_GENERATE_SWIFT_ASSET_SYMBOL_EXTENSIONS = YES;
				CLANG_ANALYZER_NONNULL = YES;
				CLANG_ENABLE_MODULES = YES;
				CLANG_ENABLE_OBJC_ARC = YES;
				CODE_SIGN_STYLE = Automatic;
				COPY_PHASE_STRIP = NO;
				DEBUG_INFORMATION_FORMAT = "dwarf-with-dsym";
				ENABLE_NS_ASSERTIONS = NO;
				ENABLE_STRICT_OBJC_MSGSEND = YES;
				GCC_WARN_ABOUT_RETURN_TYPE = YES_ERROR;
				GCC_WARN_UNINITIALIZED_AUTOS = YES_AGGRESSIVE;
				IPHONEOS_DEPLOYMENT_TARGET = 15.0;
				MTL_ENABLE_DEBUG_INFO = NO;
				MTL_FAST_MATH = YES;
				SDKROOT = iphoneos;
				SWIFT_COMPILATION_MODE = wholemodule;
				SWIFT_OPTIMIZATION_LEVEL = "-O";
				VALIDATE_PRODUCT = YES;
			};
			name = Release;
		};
		G002 /* Debug */ = {
			isa = XCBuildConfiguration;
			buildSettings = {
				ASSETCATALOG_COMPILER_APPICON_NAME = AppIcon;
				ASSETCATALOG_COMPILER_INCLUDE_ALL_APPICON_ASSETS = NO;
				CURRENT_PROJECT_VERSION = 1;
				DEVELOPMENT_TEAM = 4AVJG5644A;
				INFOPLIST_FILE = WigTryOn/Info.plist;
				LD_RUNPATH_SEARCH_PATHS = (
					"$(inherited)",
					"@executable_path/Frameworks",
				);
				MARKETING_VERSION = 1.0;
				PRODUCT_BUNDLE_IDENTIFIER = com.magoai.WigTryOn;
				PRODUCT_NAME = "$(TARGET_NAME)";
				SWIFT_VERSION = 5.0;
				TARGETED_DEVICE_FAMILY = "1,2";
			};
			name = Debug;
		};
		G003 /* Release */ = {
			isa = XCBuildConfiguration;
			buildSettings = {
				ASSETCATALOG_COMPILER_APPICON_NAME = AppIcon;
				ASSETCATALOG_COMPILER_INCLUDE_ALL_APPICON_ASSETS = NO;
				CURRENT_PROJECT_VERSION = 1;
				DEVELOPMENT_TEAM = 4AVJG5644A;
				INFOPLIST_FILE = WigTryOn/Info.plist;
				LD_RUNPATH_SEARCH_PATHS = (
					"$(inherited)",
					"@executable_path/Frameworks",
				);
				MARKETING_VERSION = 1.0;
				PRODUCT_BUNDLE_IDENTIFIER = com.magoai.WigTryOn;
				PRODUCT_NAME = "$(TARGET_NAME)";
				SWIFT_VERSION = 5.0;
				TARGETED_DEVICE_FAMILY = "1,2";
			};
			name = Release;
		};
/* End XCBuildConfiguration section */

/* Begin XCConfigurationList section */
		E000 /* Build configuration list for PBXNativeTarget "WigTryOn" */ = {
			isa = XCConfigurationList;
			buildConfigurations = (
				G002 /* Debug */,
				G003 /* Release */,
			);
			defaultConfigurationIsVisible = 0;
			defaultConfigurationName = Release;
		};
		E001 /* Build configuration list for PBXProject "WigTryOn" */ = {
			isa = XCConfigurationList;
			buildConfigurations = (
				G000 /* Debug */,
				G001 /* Release */,
			);
			defaultConfigurationIsVisible = 0;
			defaultConfigurationName = Release;
		};
/* End XCConfigurationList section */
	};
	rootObject = F000 /* Project object */;
}
